
Microsoft Visual Studio Solution File, Format Version 12.00
# Visual Studio 14
VisualStudioVersion = 14.0.25123.0
MinimumVisualStudioVersion = 10.0.40219.1
Project("{FAE04EC0-301F-11D3-BF4B-00C04F79EFBC}") = "MetierSearchBars", "MetierSearchBars\MetierSearchBars.csproj", "{6FDDDC8B-DE3B-4A78-841D-4F1966362C57}"
EndProject
Project("{FAE04EC0-301F-11D3-BF4B-00C04F79EFBC}") = "TestMetierSearchBars", "TestMetierSearchBars\TestMetierSearchBars.csproj", "{B4BD7E97-DDD5-473A-A11E-5C11DDDCECC2}"
EndProject
Project("{FAE04EC0-301F-11D3-BF4B-00C04F79EFBC}") = "VuesSearchBars", "VuesSearchBars\VuesSearchBars.csproj", "{B10B2E40-3D2E-4EDA-857A-1E4F89149AB9}"
EndProject
Project("{FAE04EC0-301F-11D3-BF4B-00C04F79EFBC}") = "DataSearchBars", "DataSearchBars\DataSearchBars.csproj", "{38648225-8EDE-42B4-8A81-CB63BE5DA5E7}"
EndProject
Global
	GlobalSection(SolutionConfigurationPlatforms) = preSolution
		Debug|Any CPU = Debug|Any CPU
		Release|Any CPU = Release|Any CPU
	EndGlobalSection
	GlobalSection(ProjectConfigurationPlatforms) = postSolution
		{6FDDDC8B-DE3B-4A78-841D-4F1966362C57}.Debug|Any CPU.ActiveCfg = Debug|Any CPU
		{6FDDDC8B-DE3B-4A78-841D-4F1966362C57}.Debug|Any CPU.Build.0 = Debug|Any CPU
		{6FDDDC8B-DE3B-4A78-841D-4F1966362C57}.Release|Any CPU.ActiveCfg = Release|Any CPU
		{6FDDDC8B-DE3B-4A78-841D-4F1966362C57}.Release|Any CPU.Build.0 = Release|Any CPU
		{B4BD7E97-DDD5-473A-A11E-5C11DDDCECC2}.Debug|Any CPU.ActiveCfg = Debug|Any CPU
		{B4BD7E97-DDD5-473A-A11E-5C11DDDCECC2}.Debug|Any CPU.Build.0 = Debug|Any CPU
		{B4BD7E97-DDD5-473A-A11E-5C11DDDCECC2}.Release|Any CPU.ActiveCfg = Release|Any CPU
		{B4BD7E97-DDD5-473A-A11E-5C11DDDCECC2}.Release|Any CPU.Build.0 = Release|Any CPU
		{B10B2E40-3D2E-4EDA-857A-1E4F89149AB9}.Debug|Any CPU.ActiveCfg = Debug|Any CPU
		{B10B2E40-3D2E-4EDA-857A-1E4F89149AB9}.Debug|Any CPU.Build.0 = Debug|Any CPU
		{B10B2E40-3D2E-4EDA-857A-1E4F89149AB9}.Release|Any CPU.ActiveCfg = Release|Any CPU
		{B10B2E40-3D2E-4EDA-857A-1E4F89149AB9}.Release|Any CPU.Build.0 = Release|Any CPU
		{38648225-8EDE-42B4-8A81-CB63BE5DA5E7}.Debug|Any CPU.ActiveCfg = Debug|Any CPU
		{38648225-8EDE-42B4-8A81-CB63BE5DA5E7}.Debug|Any CPU.Build.0 = Debug|Any CPU
		{38648225-8EDE-42B4-8A81-CB63BE5DA5E7}.Release|Any CPU.ActiveCfg = Release|Any CPU
		{38648225-8EDE-42B4-8A81-CB63BE5DA5E7}.Release|Any CPU.Build.0 = Release|Any CPU
	EndGlobalSection
	GlobalSection(SolutionProperties) = preSolution
		HideSolutionNode = FALSE
	EndGlobalSection
EndGlobal
